
Microsoft Visual Studio Solution File, Format Version 12.00
# Visual Studio Version 17
VisualStudioVersion = 17.11.35222.181
MinimumVisualStudioVersion = 10.0.40219.1
Project("{9A19103F-16F7-4668-BE54-9A1E7A4F7556}") = "CatLoversAPI", "CatLoversAPI\CatLoversAPI.csproj", "{4FF628DA-EB67-4367-B5E2-07FCE3FF772C}"
EndProject
Project("{FAE04EC0-301F-11D3-BF4B-00C04F79EFBC}") = "CatLoversWeb", "CatLoversWeb\CatLoversWeb.csproj", "{1C4BDF67-4818-43FA-9C5A-A795061DAE49}"
EndProject
Global
	GlobalSection(SolutionConfigurationPlatforms) = preSolution
		Debug|Any CPU = Debug|Any CPU
		Release|Any CPU = Release|Any CPU
	EndGlobalSection
	GlobalSection(ProjectConfigurationPlatforms) = postSolution
		{4FF628DA-EB67-4367-B5E2-07FCE3FF772C}.Debug|Any CPU.ActiveCfg = Debug|Any CPU
		{4FF628DA-EB67-4367-B5E2-07FCE3FF772C}.Debug|Any CPU.Build.0 = Debug|Any CPU
		{4FF628DA-EB67-4367-B5E2-07FCE3FF772C}.Release|Any CPU.ActiveCfg = Release|Any CPU
		{4FF628DA-EB67-4367-B5E2-07FCE3FF772C}.Release|Any CPU.Build.0 = Release|Any CPU
		{1C4BDF67-4818-43FA-9C5A-A795061DAE49}.Debug|Any CPU.ActiveCfg = Debug|Any CPU
		{1C4BDF67-4818-43FA-9C5A-A795061DAE49}.Debug|Any CPU.Build.0 = Debug|Any CPU
		{1C4BDF67-4818-43FA-9C5A-A795061DAE49}.Release|Any CPU.ActiveCfg = Release|Any CPU
		{1C4BDF67-4818-43FA-9C5A-A795061DAE49}.Release|Any CPU.Build.0 = Release|Any CPU
	EndGlobalSection
	GlobalSection(SolutionProperties) = preSolution
		HideSolutionNode = FALSE
	EndGlobalSection
	GlobalSection(ExtensibilityGlobals) = postSolution
		SolutionGuid = {89CCECF9-9548-4776-BC4A-152601652B06}
	EndGlobalSection
EndGlobal
